
Microsoft Visual Studio Solution File, Format Version 12.00
# Visual Studio Version 16
VisualStudioVersion = 16.0.31105.61
MinimumVisualStudioVersion = 10.0.40219.1
Project("{FAE04EC0-301F-11D3-BF4B-00C04F79EFBC}") = "Search", "Search/Search.csproj", "{26C7FA63-2AE0-40E9-9EC5-D902C3E7322E}"
EndProject
Global
	GlobalSection(SolutionConfigurationPlatforms) = preSolution
		Debug|Any CPU = Debug|Any CPU
		Release|Any CPU = Release|Any CPU
	EndGlobalSection
	GlobalSection(ProjectConfigurationPlatforms) = postSolution
		{26C7FA63-2AE0-40E9-9EC5-D902C3E7322E}.Debug|Any CPU.ActiveCfg = Debug|Any CPU
		{26C7FA63-2AE0-40E9-9EC5-D902C3E7322E}.Debug|Any CPU.Build.0 = Debug|Any CPU
		{26C7FA63-2AE0-40E9-9EC5-D902C3E7322E}.Release|Any CPU.ActiveCfg = Release|Any CPU
		{26C7FA63-2AE0-40E9-9EC5-D902C3E7322E}.Release|Any CPU.Build.0 = Release|Any CPU
	EndGlobalSection
	GlobalSection(SolutionProperties) = preSolution
		HideSolutionNode = FALSE
	EndGlobalSection
	GlobalSection(ExtensibilityGlobals) = postSolution
		SolutionGuid = {A223E221-E09C-448F-B92C-541263CB88CA}
	EndGlobalSection
EndGlobal
